<Solution>
  <Folder Name="/src/" />
  <Folder Name="/src/Server/">
    <Project Path="src/Server/SPQC.Confer.SelfHosted.Server.csproj" />
  </Folder>
  <Folder Name="/test/" />
  <Folder Name="/test/Tests/">
    <Project Path="test/Tests/SPQC.Confer.SelfHosted.Tests.csproj" />
  </Folder>
</Solution>
